// !$*UTF8*$!
{
	archiveVersion = 1;
	classes = {
	};
	objectVersion = 55;
	objects = {

/* Begin PBXBuildFile section */
		B3E2A23127F788EB0072686A /* AppDelegate.swift in Sources */ = {isa = PBXBuildFile; fileRef = B3E2A23027F788EB0072686A /* AppDelegate.swift */; };
		B3E2A23327F788EB0072686A /* SceneDelegate.swift in Sources */ = {isa = PBXBuildFile; fileRef = B3E2A23227F788EB0072686A /* SceneDelegate.swift */; };
		B3E2A23527F788EB0072686A /* ViewController.swift in Sources */ = {isa = PBXBuildFile; fileRef = B3E2A23427F788EB0072686A /* ViewController.swift */; };
		B3E2A23827F788EB0072686A /* Main.storyboard in Resources */ = {isa = PBXBuildFile; fileRef = B3E2A23627F788EB0072686A /* Main.storyboard */; };
		B3E2A23B27F788EB0072686A /* CoreDataChallenge.xcdatamodeld in Sources */ = {isa = PBXBuildFile; fileRef = B3E2A23927F788EB0072686A /* CoreDataChallenge.xcdatamodeld */; };
		B3E2A23D27F788EE0072686A /* Assets.xcassets in Resources */ = {isa = PBXBuildFile; fileRef = B3E2A23C27F788EE0072686A /* Assets.xcassets */; };
		B3E2A24027F788EE0072686A /* LaunchScreen.storyboard in Resources */ = {isa = PBXBuildFile; fileRef = B3E2A23E27F788EE0072686A /* LaunchScreen.storyboard */; };
		B3E2A24927F78B9C0072686A /* CoreDataPracticeViewController.swift in Sources */ = {isa = PBXBuildFile; fileRef = B3E2A24827F78B9C0072686A /* CoreDataPracticeViewController.swift */; };
		B3E2A24C27F78BD20072686A /* Elements in Frameworks */ = {isa = PBXBuildFile; productRef = B3E2A24B27F78BD20072686A /* Elements */; };
		B3E2A24E27F78C7A0072686A /* CoreDataTableViewCell.swift in Sources */ = {isa = PBXBuildFile; fileRef = B3E2A24D27F78C7A0072686A /* CoreDataTableViewCell.swift */; };
/* End PBXBuildFile section */

/* Begin PBXFileReference section */
		B3E2A22D27F788EB0072686A /* CoreDataChallenge.app */ = {isa = PBXFileReference; explicitFileType = wrapper.application; includeInIndex = 0; path = CoreDataChallenge.app; sourceTree = BUILT_PRODUCTS_DIR; };
		B3E2A23027F788EB0072686A /* AppDelegate.swift */ = {isa = PBXFileReference; lastKnownFileType = sourcecode.swift; path = AppDelegate.swift; sourceTree = "<group>"; };
		B3E2A23227F788EB0072686A /* SceneDelegate.swift */ = {isa = PBXFileReference; lastKnownFileType = sourcecode.swift; path = SceneDelegate.swift; sourceTree = "<group>"; };
		B3E2A23427F788EB0072686A /* ViewController.swift */ = {isa = PBXFileReference; lastKnownFileType = sourcecode.swift; path = ViewController.swift; sourceTree = "<group>"; };
		B3E2A23727F788EB0072686A /* Base */ = {isa = PBXFileReference; lastKnownFileType = file.storyboard; name = Base; path = Base.lproj/Main.storyboard; sourceTree = "<group>"; };
		B3E2A23A27F788EB0072686A /* CoreDataChallenge.xcdatamodel */ = {isa = PBXFileReference; lastKnownFileType = wrapper.xcdatamodel; path = CoreDataChallenge.xcdatamodel; sourceTree = "<group>"; };
		B3E2A23C27F788EE0072686A /* Assets.xcassets */ = {isa = PBXFileReference; lastKnownFileType = folder.assetcatalog; path = Assets.xcassets; sourceTree = "<group>"; };
		B3E2A23F27F788EE0072686A /* Base */ = {isa = PBXFileReference; lastKnownFileType = file.storyboard; name = Base; path = Base.lproj/LaunchScreen.storyboard; sourceTree = "<group>"; };
		B3E2A24127F788EE0072686A /* Info.plist */ = {isa = PBXFileReference; lastKnownFileType = text.plist.xml; path = Info.plist; sourceTree = "<group>"; };
		B3E2A24827F78B9C0072686A /* CoreDataPracticeViewController.swift */ = {isa = PBXFileReference; lastKnownFileType = sourcecode.swift; path = CoreDataPracticeViewController.swift; sourceTree = "<group>"; };
		B3E2A24D27F78C7A0072686A /* CoreDataTableViewCell.swift */ = {isa = PBXFileReference; lastKnownFileType = sourcecode.swift; path = CoreDataTableViewCell.swift; sourceTree = "<group>"; };
/* End PBXFileReference section */

/* Begin PBXFrameworksBuildPhase section */
		B3E2A22A27F788EB0072686A /* Frameworks */ = {
			isa = PBXFrameworksBuildPhase;
			buildActionMask = 2147483647;
			files = (
				B3E2A24C27F78BD20072686A /* Elements in Frameworks */,
			);
			runOnlyForDeploymentPostprocessing = 0;
		};
/* End PBXFrameworksBuildPhase section */

/* Begin PBXGroup section */
		B3E2A22427F788EB0072686A = {
			isa = PBXGroup;
			children = (
				B3E2A22F27F788EB0072686A /* CoreDataChallenge */,
				B3E2A22E27F788EB0072686A /* Products */,
			);
			sourceTree = "<group>";
		};
		B3E2A22E27F788EB0072686A /* Products */ = {
			isa = PBXGroup;
			children = (
				B3E2A22D27F788EB0072686A /* CoreDataChallenge.app */,
			);
			name = Products;
			sourceTree = "<group>";
		};
		B3E2A22F27F788EB0072686A /* CoreDataChallenge */ = {
			isa = PBXGroup;
			children = (
				B3E2A24727F78B7D0072686A /* CoreData */,
				B3E2A23027F788EB0072686A /* AppDelegate.swift */,
				B3E2A23427F788EB0072686A /* ViewController.swift */,
				B3E2A23227F788EB0072686A /* SceneDelegate.swift */,
				B3E2A23627F788EB0072686A /* Main.storyboard */,
				B3E2A23C27F788EE0072686A /* Assets.xcassets */,
				B3E2A23E27F788EE0072686A /* LaunchScreen.storyboard */,
				B3E2A24127F788EE0072686A /* Info.plist */,
				B3E2A23927F788EB0072686A /* CoreDataChallenge.xcdatamodeld */,
			);
			path = CoreDataChallenge;
			sourceTree = "<group>";
		};
		B3E2A24727F78B7D0072686A /* CoreData */ = {
			isa = PBXGroup;
			children = (
				B3E2A24827F78B9C0072686A /* CoreDataPracticeViewController.swift */,
				B3E2A24D27F78C7A0072686A /* CoreDataTableViewCell.swift */,
			);
			path = CoreData;
			sourceTree = "<group>";
		};
/* End PBXGroup section */

/* Begin PBXNativeTarget section */
		B3E2A22C27F788EB0072686A /* CoreDataChallenge */ = {
			isa = PBXNativeTarget;
			buildConfigurationList = B3E2A24427F788EE0072686A /* Build configuration list for PBXNativeTarget "CoreDataChallenge" */;
			buildPhases = (
				B3E2A22927F788EB0072686A /* Sources */,
				B3E2A22A27F788EB0072686A /* Frameworks */,
				B3E2A22B27F788EB0072686A /* Resources */,
			);
			buildRules = (
			);
			dependencies = (
			);
			name = CoreDataChallenge;
			packageProductDependencies = (
				B3E2A24B27F78BD20072686A /* Elements */,
			);
			productName = CoreDataChallenge;
			productReference = B3E2A22D27F788EB0072686A /* CoreDataChallenge.app */;
			productType = "com.apple.product-type.application";
		};
/* End PBXNativeTarget section */

/* Begin PBXProject section */
		B3E2A22527F788EB0072686A /* Project object */ = {
			isa = PBXProject;
			attributes = {
				BuildIndependentTargetsInParallel = 1;
				LastSwiftUpdateCheck = 1330;
				LastUpgradeCheck = 1330;
				TargetAttributes = {
					B3E2A22C27F788EB0072686A = {
						CreatedOnToolsVersion = 13.3;
					};
				};
			};
			buildConfigurationList = B3E2A22827F788EB0072686A /* Build configuration list for PBXProject "CoreDataChallenge" */;
			compatibilityVersion = "Xcode 13.0";
			developmentRegion = en;
			hasScannedForEncodings = 0;
			knownRegions = (
				en,
				Base,
			);
			mainGroup = B3E2A22427F788EB0072686A;
			packageReferences = (
				B3E2A24A27F78BD10072686A /* XCRemoteSwiftPackageReference "ElementKit" */,
			);
			productRefGroup = B3E2A22E27F788EB0072686A /* Products */;
			projectDirPath = "";
			projectRoot = "";
			targets = (
				B3E2A22C27F788EB0072686A /* CoreDataChallenge */,
			);
		};
/* End PBXProject section */

/* Begin PBXResourcesBuildPhase section */
		B3E2A22B27F788EB0072686A /* Resources */ = {
			isa = PBXResourcesBuildPhase;
			buildActionMask = 2147483647;
			files = (
				B3E2A24027F788EE0072686A /* LaunchScreen.storyboard in Resources */,
				B3E2A23D27F788EE0072686A /* Assets.xcassets in Resources */,
				B3E2A23827F788EB0072686A /* Main.storyboard in Resources */,
			);
			runOnlyForDeploymentPostprocessing = 0;
		};
/* End PBXResourcesBuildPhase section */

/* Begin PBXSourcesBuildPhase section */
		B3E2A22927F788EB0072686A /* Sources */ = {
			isa = PBXSourcesBuildPhase;
			buildActionMask = 2147483647;
			files = (
				B3E2A24E27F78C7A0072686A /* CoreDataTableViewCell.swift in Sources */,
				B3E2A23B27F788EB0072686A /* CoreDataChallenge.xcdatamodeld in Sources */,
				B3E2A23527F788EB0072686A /* ViewController.swift in Sources */,
				B3E2A23127F788EB0072686A /* AppDelegate.swift in Sources */,
				B3E2A23327F788EB0072686A /* SceneDelegate.swift in Sources */,
				B3E2A24927F78B9C0072686A /* CoreDataPracticeViewController.swift in Sources */,
			);
			runOnlyForDeploymentPostprocessing = 0;
		};
/* End PBXSourcesBuildPhase section */

/* Begin PBXVariantGroup section */
		B3E2A23627F788EB0072686A /* Main.storyboard */ = {
			isa = PBXVariantGroup;
			children = (
				B3E2A23727F788EB0072686A /* Base */,
			);
			name = Main.storyboard;
			sourceTree = "<group>";
		};
		B3E2A23E27F788EE0072686A /* LaunchScreen.storyboard */ = {
			isa = PBXVariantGroup;
			children = (
				B3E2A23F27F788EE0072686A /* Base */,
			);
			name = LaunchScreen.storyboard;
			sourceTree = "<group>";
		};
/* End PBXVariantGroup section */

/* Begin XCBuildConfiguration section */
		B3E2A24227F788EE0072686A /* Debug */ = {
			isa = XCBuildConfiguration;
			buildSettings = {
				ALWAYS_SEARCH_USER_PATHS = NO;
				CLANG_ANALYZER_NONNULL = YES;
				CLANG_ANALYZER_NUMBER_OBJECT_CONVERSION = YES_AGGRESSIVE;
				CLANG_CXX_LANGUAGE_STANDARD = "gnu++17";
				CLANG_ENABLE_MODULES = YES;
				CLANG_ENABLE_OBJC_ARC = YES;
				CLANG_ENABLE_OBJC_WEAK = YES;
				CLANG_WARN_BLOCK_CAPTURE_AUTORELEASING = YES;
				CLANG_WARN_BOOL_CONVERSION = YES;
				CLANG_WARN_COMMA = YES;
				CLANG_WARN_CONSTANT_CONVERSION = YES;
				CLANG_WARN_DEPRECATED_OBJC_IMPLEMENTATIONS = YES;
				CLANG_WARN_DIRECT_OBJC_ISA_USAGE = YES_ERROR;
				CLANG_WARN_DOCUMENTATION_COMMENTS = YES;
				CLANG_WARN_EMPTY_BODY = YES;
				CLANG_WARN_ENUM_CONVERSION = YES;
				CLANG_WARN_INFINITE_RECURSION = YES;
				CLANG_WARN_INT_CONVERSION = YES;
				CLANG_WARN_NON_LITERAL_NULL_CONVERSION = YES;
				CLANG_WARN_OBJC_IMPLICIT_RETAIN_SELF = YES;
				CLANG_WARN_OBJC_LITERAL_CONVERSION = YES;
				CLANG_WARN_OBJC_ROOT_CLASS = YES_ERROR;
				CLANG_WARN_QUOTED_INCLUDE_IN_FRAMEWORK_HEADER = YES;
				CLANG_WARN_RANGE_LOOP_ANALYSIS = YES;
				CLANG_WARN_STRICT_PROTOTYPES = YES;
				CLANG_WARN_SUSPICIOUS_MOVE = YES;
				CLANG_WARN_UNGUARDED_AVAILABILITY = YES_AGGRESSIVE;
				CLANG_WARN_UNREACHABLE_CODE = YES;
				CLANG_WARN__DUPLICATE_METHOD_MATCH = YES;
				COPY_PHASE_STRIP = NO;
				DEBUG_INFORMATION_FORMAT = dwarf;
				ENABLE_STRICT_OBJC_MSGSEND = YES;
				ENABLE_TESTABILITY = YES;
				GCC_C_LANGUAGE_STANDARD = gnu11;
				GCC_DYNAMIC_NO_PIC = NO;
				GCC_NO_COMMON_BLOCKS = YES;
				GCC_OPTIMIZATION_LEVEL = 0;
				GCC_PREPROCESSOR_DEFINITIONS = (
					"DEBUG=1",
					"$(inherited)",
				);
				GCC_WARN_64_TO_32_BIT_CONVERSION = YES;
				GCC_WARN_ABOUT_RETURN_TYPE = YES_ERROR;
				GCC_WARN_UNDECLARED_SELECTOR = YES;
				GCC_WARN_UNINITIALIZED_AUTOS = YES_AGGRESSIVE;
				GCC_WARN_UNUSED_FUNCTION = YES;
				GCC_WARN_UNUSED_VARIABLE = YES;
				IPHONEOS_DEPLOYMENT_TARGET = 15.4;
				MTL_ENABLE_DEBUG_INFO = INCLUDE_SOURCE;
				MTL_FAST_MATH = YES;
				ONLY_ACTIVE_ARCH = YES;
				SDKROOT = iphoneos;
				SWIFT_ACTIVE_COMPILATION_CONDITIONS = DEBUG;
				SWIFT_OPTIMIZATION_LEVEL = "-Onone";
			};
			name = Debug;
		};
		B3E2A24327F788EE0072686A /* Release */ = {
			isa = XCBuildConfiguration;
			buildSettings = {
				ALWAYS_SEARCH_USER_PATHS = NO;
				CLANG_ANALYZER_NONNULL = YES;
				CLANG_ANALYZER_NUMBER_OBJECT_CONVERSION = YES_AGGRESSIVE;
				CLANG_CXX_LANGUAGE_STANDARD = "gnu++17";
				CLANG_ENABLE_MODULES = YES;
				CLANG_ENABLE_OBJC_ARC = YES;
				CLANG_ENABLE_OBJC_WEAK = YES;
				CLANG_WARN_BLOCK_CAPTURE_AUTORELEASING = YES;
				CLANG_WARN_BOOL_CONVERSION = YES;
				CLANG_WARN_COMMA = YES;
				CLANG_WARN_CONSTANT_CONVERSION = YES;
				CLANG_WARN_DEPRECATED_OBJC_IMPLEMENTATIONS = YES;
				CLANG_WARN_DIRECT_OBJC_ISA_USAGE = YES_ERROR;
				CLANG_WARN_DOCUMENTATION_COMMENTS = YES;
				CLANG_WARN_EMPTY_BODY = YES;
				CLANG_WARN_ENUM_CONVERSION = YES;
				CLANG_WARN_INFINITE_RECURSION = YES;
				CLANG_WARN_INT_CONVERSION = YES;
				CLANG_WARN_NON_LITERAL_NULL_CONVERSION = YES;
				CLANG_WARN_OBJC_IMPLICIT_RETAIN_SELF = YES;
				CLANG_WARN_OBJC_LITERAL_CONVERSION = YES;
				CLANG_WARN_OBJC_ROOT_CLASS = YES_ERROR;
				CLANG_WARN_QUOTED_INCLUDE_IN_FRAMEWORK_HEADER = YES;
				CLANG_WARN_RANGE_LOOP_ANALYSIS = YES;
				CLANG_WARN_STRICT_PROTOTYPES = YES;
				CLANG_WARN_SUSPICIOUS_MOVE = YES;
				CLANG_WARN_UNGUARDED_AVAILABILITY = YES_AGGRESSIVE;
				CLANG_WARN_UNREACHABLE_CODE = YES;
				CLANG_WARN__DUPLICATE_METHOD_MATCH = YES;
				COPY_PHASE_STRIP = NO;
				DEBUG_INFORMATION_FORMAT = "dwarf-with-dsym";
				ENABLE_NS_ASSERTIONS = NO;
				ENABLE_STRICT_OBJC_MSGSEND = YES;
				GCC_C_LANGUAGE_STANDARD = gnu11;
				GCC_NO_COMMON_BLOCKS = YES;
				GCC_WARN_64_TO_32_BIT_CONVERSION = YES;
				GCC_WARN_ABOUT_RETURN_TYPE = YES_ERROR;
				GCC_WARN_UNDECLARED_SELECTOR = YES;
				GCC_WARN_UNINITIALIZED_AUTOS = YES_AGGRESSIVE;
				GCC_WARN_UNUSED_FUNCTION = YES;
				GCC_WARN_UNUSED_VARIABLE = YES;
				IPHONEOS_DEPLOYMENT_TARGET = 15.4;
				MTL_ENABLE_DEBUG_INFO = NO;
				MTL_FAST_MATH = YES;
				SDKROOT = iphoneos;
				SWIFT_COMPILATION_MODE = wholemodule;
				SWIFT_OPTIMIZATION_LEVEL = "-O";
				VALIDATE_PRODUCT = YES;
			};
			name = Release;
		};
		B3E2A24527F788EE0072686A /* Debug */ = {
			isa = XCBuildConfiguration;
			buildSettings = {
				ASSETCATALOG_COMPILER_APPICON_NAME = AppIcon;
				ASSETCATALOG_COMPILER_GLOBAL_ACCENT_COLOR_NAME = AccentColor;
				CODE_SIGN_STYLE = Automatic;
				CURRENT_PROJECT_VERSION = 1;
				GENERATE_INFOPLIST_FILE = YES;
				INFOPLIST_FILE = CoreDataChallenge/Info.plist;
				INFOPLIST_KEY_UIApplicationSupportsIndirectInputEvents = YES;
				INFOPLIST_KEY_UILaunchStoryboardName = LaunchScreen;
				INFOPLIST_KEY_UIMainStoryboardFile = Main;
				INFOPLIST_KEY_UISupportedInterfaceOrientations_iPad = "UIInterfaceOrientationPortrait UIInterfaceOrientationPortraitUpsideDown UIInterfaceOrientationLandscapeLeft UIInterfaceOrientationLandscapeRight";
				INFOPLIST_KEY_UISupportedInterfaceOrientations_iPhone = "UIInterfaceOrientationPortrait UIInterfaceOrientationLandscapeLeft UIInterfaceOrientationLandscapeRight";
				LD_RUNPATH_SEARCH_PATHS = (
					"$(inherited)",
					"@executable_path/Frameworks",
				);
				MARKETING_VERSION = 1.0;
				PRODUCT_BUNDLE_IDENTIFIER = MYCompany.CoreDataChallenge;
				PRODUCT_NAME = "$(TARGET_NAME)";
				SWIFT_EMIT_LOC_STRINGS = YES;
				SWIFT_VERSION = 5.0;
				TARGETED_DEVICE_FAMILY = "1,2";
			};
			name = Debug;
		};
		B3E2A24627F788EE0072686A /* Release */ = {
			isa = XCBuildConfiguration;
			buildSettings = {
				ASSETCATALOG_COMPILER_APPICON_NAME = AppIcon;
				ASSETCATALOG_COMPILER_GLOBAL_ACCENT_COLOR_NAME = AccentColor;
				CODE_SIGN_STYLE = Automatic;
				CURRENT_PROJECT_VERSION = 1;
				GENERATE_INFOPLIST_FILE = YES;
				INFOPLIST_FILE = CoreDataChallenge/Info.plist;
				INFOPLIST_KEY_UIApplicationSupportsIndirectInputEvents = YES;
				INFOPLIST_KEY_UILaunchStoryboardName = LaunchScreen;
				INFOPLIST_KEY_UIMainStoryboardFile = Main;
				INFOPLIST_KEY_UISupportedInterfaceOrientations_iPad = "UIInterfaceOrientationPortrait UIInterfaceOrientationPortraitUpsideDown UIInterfaceOrientationLandscapeLeft UIInterfaceOrientationLandscapeRight";
				INFOPLIST_KEY_UISupportedInterfaceOrientations_iPhone = "UIInterfaceOrientationPortrait UIInterfaceOrientationLandscapeLeft UIInterfaceOrientationLandscapeRight";
				LD_RUNPATH_SEARCH_PATHS = (
					"$(inherited)",
					"@executable_path/Frameworks",
				);
				MARKETING_VERSION = 1.0;
				PRODUCT_BUNDLE_IDENTIFIER = MYCompany.CoreDataChallenge;
				PRODUCT_NAME = "$(TARGET_NAME)";
				SWIFT_EMIT_LOC_STRINGS = YES;
				SWIFT_VERSION = 5.0;
				TARGETED_DEVICE_FAMILY = "1,2";
			};
			name = Release;
		};
/* End XCBuildConfiguration section */

/* Begin XCConfigurationList section */
		B3E2A22827F788EB0072686A /* Build configuration list for PBXProject "CoreDataChallenge" */ = {
			isa = XCConfigurationList;
			buildConfigurations = (
				B3E2A24227F788EE0072686A /* Debug */,
				B3E2A24327F788EE0072686A /* Release */,
			);
			defaultConfigurationIsVisible = 0;
			defaultConfigurationName = Release;
		};
		B3E2A24427F788EE0072686A /* Build configuration list for PBXNativeTarget "CoreDataChallenge" */ = {
			isa = XCConfigurationList;
			buildConfigurations = (
				B3E2A24527F788EE0072686A /* Debug */,
				B3E2A24627F788EE0072686A /* Release */,
			);
			defaultConfigurationIsVisible = 0;
			defaultConfigurationName = Release;
		};
/* End XCConfigurationList section */

/* Begin XCRemoteSwiftPackageReference section */
		B3E2A24A27F78BD10072686A /* XCRemoteSwiftPackageReference "ElementKit" */ = {
			isa = XCRemoteSwiftPackageReference;
			repositoryURL = "https://github.com/practice20200/ElementKit";
			requirement = {
				kind = upToNextMajorVersion;
				minimumVersion = 1.0.0;
			};
		};
/* End XCRemoteSwiftPackageReference section */

/* Begin XCSwiftPackageProductDependency section */
		B3E2A24B27F78BD20072686A /* Elements */ = {
			isa = XCSwiftPackageProductDependency;
			package = B3E2A24A27F78BD10072686A /* XCRemoteSwiftPackageReference "ElementKit" */;
			productName = Elements;
		};
/* End XCSwiftPackageProductDependency section */

/* Begin XCVersionGroup section */
		B3E2A23927F788EB0072686A /* CoreDataChallenge.xcdatamodeld */ = {
			isa = XCVersionGroup;
			children = (
				B3E2A23A27F788EB0072686A /* CoreDataChallenge.xcdatamodel */,
			);
			currentVersion = B3E2A23A27F788EB0072686A /* CoreDataChallenge.xcdatamodel */;
			path = CoreDataChallenge.xcdatamodeld;
			sourceTree = "<group>";
			versionGroupType = wrapper.xcdatamodel;
		};
/* End XCVersionGroup section */
	};
	rootObject = B3E2A22527F788EB0072686A /* Project object */;
}
